// !$*UTF8*$!
{
	archiveVersion = 1;
	classes = {
	};
	objectVersion = 77;
	objects = {

/* Begin PBXContainerItemProxy section */
		3F193BC62E72922C00ABF280 /* PBXContainerItemProxy */ = {
			isa = PBXContainerItemProxy;
			containerPortal = 3F193BB02E72922B00ABF280 /* Project object */;
			proxyType = 1;
			remoteGlobalIDString = 3F193BB72E72922B00ABF280;
			remoteInfo = W01_Practice;
		};
		3F193BD02E72922C00ABF280 /* PBXContainerItemProxy */ = {
			isa = PBXContainerItemProxy;
			containerPortal = 3F193BB02E72922B00ABF280 /* Project object */;
			proxyType = 1;
			remoteGlobalIDString = 3F193BB72E72922B00ABF280;
			remoteInfo = W01_Practice;
		};
/* End PBXContainerItemProxy section */

/* Begin PBXFileReference section */
		3F193BB82E72922B00ABF280 /* W01_Practice.app */ = {isa = PBXFileReference; explicitFileType = wrapper.application; includeInIndex = 0; path = W01_Practice.app; sourceTree = BUILT_PRODUCTS_DIR; };
		3F193BC52E72922C00ABF280 /* W01_PracticeTests.xctest */ = {isa = PBXFileReference; explicitFileType = wrapper.cfbundle; includeInIndex = 0; path = W01_PracticeTests.xctest; sourceTree = BUILT_PRODUCTS_DIR; };
		3F193BCF2E72922C00ABF280 /* W01_PracticeUITests.xctest */ = {isa = PBXFileReference; explicitFileType = wrapper.cfbundle; includeInIndex = 0; path = W01_PracticeUITests.xctest; sourceTree = BUILT_PRODUCTS_DIR; };
/* End PBXFileReference section */

/* Begin PBXFileSystemSynchronizedRootGroup section */
		3F193BBA2E72922B00ABF280 /* W01_Practice */ = {
			isa = PBXFileSystemSynchronizedRootGroup;
			path = W01_Practice;
			sourceTree = "<group>";
		};
		3F193BC82E72922C00ABF280 /* W01_PracticeTests */ = {
			isa = PBXFileSystemSynchronizedRootGroup;
			path = W01_PracticeTests;
			sourceTree = "<group>";
		};
		3F193BD22E72922C00ABF280 /* W01_PracticeUITests */ = {
			isa = PBXFileSystemSynchronizedRootGroup;
			path = W01_PracticeUITests;
			sourceTree = "<group>";
		};
/* End PBXFileSystemSynchronizedRootGroup section */

/* Begin PBXFrameworksBuildPhase section */
		3F193BB52E72922B00ABF280 /* Frameworks */ = {
			isa = PBXFrameworksBuildPhase;
			buildActionMask = 2147483647;
			files = (
			);
			runOnlyForDeploymentPostprocessing = 0;
		};
		3F193BC22E72922C00ABF280 /* Frameworks */ = {
			isa = PBXFrameworksBuildPhase;
			buildActionMask = 2147483647;
			files = (
			);
			runOnlyForDeploymentPostprocessing = 0;
		};
		3F193BCC2E72922C00ABF280 /* Frameworks */ = {
			isa = PBXFrameworksBuildPhase;
			buildActionMask = 2147483647;
			files = (
			);
			runOnlyForDeploymentPostprocessing = 0;
		};
/* End PBXFrameworksBuildPhase section */

/* Begin PBXGroup section */
		3F193BAF2E72922B00ABF280 = {
			isa = PBXGroup;
			children = (
				3F193BBA2E72922B00ABF280 /* W01_Practice */,
				3F193BC82E72922C00ABF280 /* W01_PracticeTests */,
				3F193BD22E72922C00ABF280 /* W01_PracticeUITests */,
				3F193BB92E72922B00ABF280 /* Products */,
			);
			sourceTree = "<group>";
		};
		3F193BB92E72922B00ABF280 /* Products */ = {
			isa = PBXGroup;
			children = (
				3F193BB82E72922B00ABF280 /* W01_Practice.app */,
				3F193BC52E72922C00ABF280 /* W01_PracticeTests.xctest */,
				3F193BCF2E72922C00ABF280 /* W01_PracticeUITests.xctest */,
			);
			name = Products;
			sourceTree = "<group>";
		};
/* End PBXGroup section */

/* Begin PBXNativeTarget section */
		3F193BB72E72922B00ABF280 /* W01_Practice */ = {
			isa = PBXNativeTarget;
			buildConfigurationList = 3F193BD92E72922C00ABF280 /* Build configuration list for PBXNativeTarget "W01_Practice" */;
			buildPhases = (
				3F193BB42E72922B00ABF280 /* Sources */,
				3F193BB52E72922B00ABF280 /* Frameworks */,
				3F193BB62E72922B00ABF280 /* Resources */,
			);
			buildRules = (
			);
			dependencies = (
			);
			fileSystemSynchronizedGroups = (
				3F193BBA2E72922B00ABF280 /* W01_Practice */,
			);
			name = W01_Practice;
			packageProductDependencies = (
			);
			productName = W01_Practice;
			productReference = 3F193BB82E72922B00ABF280 /* W01_Practice.app */;
			productType = "com.apple.product-type.application";
		};
		3F193BC42E72922C00ABF280 /* W01_PracticeTests */ = {
			isa = PBXNativeTarget;
			buildConfigurationList = 3F193BDC2E72922C00ABF280 /* Build configuration list for PBXNativeTarget "W01_PracticeTests" */;
			buildPhases = (
				3F193BC12E72922C00ABF280 /* Sources */,
				3F193BC22E72922C00ABF280 /* Frameworks */,
				3F193BC32E72922C00ABF280 /* Resources */,
			);
			buildRules = (
			);
			dependencies = (
				3F193BC72E72922C00ABF280 /* PBXTargetDependency */,
			);
			fileSystemSynchronizedGroups = (
				3F193BC82E72922C00ABF280 /* W01_PracticeTests */,
			);
			name = W01_PracticeTests;
			packageProductDependencies = (
			);
			productName = W01_PracticeTests;
			productReference = 3F193BC52E72922C00ABF280 /* W01_PracticeTests.xctest */;
			productType = "com.apple.product-type.bundle.unit-test";
		};
		3F193BCE2E72922C00ABF280 /* W01_PracticeUITests */ = {
			isa = PBXNativeTarget;
			buildConfigurationList = 3F193BDF2E72922C00ABF280 /* Build configuration list for PBXNativeTarget "W01_PracticeUITests" */;
			buildPhases = (
				3F193BCB2E72922C00ABF280 /* Sources */,
				3F193BCC2E72922C00ABF280 /* Frameworks */,
				3F193BCD2E72922C00ABF280 /* Resources */,
			);
			buildRules = (
			);
			dependencies = (
				3F193BD12E72922C00ABF280 /* PBXTargetDependency */,
			);
			fileSystemSynchronizedGroups = (
				3F193BD22E72922C00ABF280 /* W01_PracticeUITests */,
			);
			name = W01_PracticeUITests;
			packageProductDependencies = (
			);
			productName = W01_PracticeUITests;
			productReference = 3F193BCF2E72922C00ABF280 /* W01_PracticeUITests.xctest */;
			productType = "com.apple.product-type.bundle.ui-testing";
		};
/* End PBXNativeTarget section */

/* Begin PBXProject section */
		3F193BB02E72922B00ABF280 /* Project object */ = {
			isa = PBXProject;
			attributes = {
				BuildIndependentTargetsInParallel = 1;
				LastSwiftUpdateCheck = 1640;
				LastUpgradeCheck = 1640;
				TargetAttributes = {
					3F193BB72E72922B00ABF280 = {
						CreatedOnToolsVersion = 16.4;
					};
					3F193BC42E72922C00ABF280 = {
						CreatedOnToolsVersion = 16.4;
						TestTargetID = 3F193BB72E72922B00ABF280;
					};
					3F193BCE2E72922C00ABF280 = {
						CreatedOnToolsVersion = 16.4;
						TestTargetID = 3F193BB72E72922B00ABF280;
					};
				};
			};
			buildConfigurationList = 3F193BB32E72922B00ABF280 /* Build configuration list for PBXProject "W01_Practice" */;
			developmentRegion = en;
			hasScannedForEncodings = 0;
			knownRegions = (
				en,
				Base,
			);
			mainGroup = 3F193BAF2E72922B00ABF280;
			minimizedProjectReferenceProxies = 1;
			preferredProjectObjectVersion = 77;
			productRefGroup = 3F193BB92E72922B00ABF280 /* Products */;
			projectDirPath = "";
			projectRoot = "";
			targets = (
				3F193BB72E72922B00ABF280 /* W01_Practice */,
				3F193BC42E72922C00ABF280 /* W01_PracticeTests */,
				3F193BCE2E72922C00ABF280 /* W01_PracticeUITests */,
			);
		};
/* End PBXProject section */

/* Begin PBXResourcesBuildPhase section */
		3F193BB62E72922B00ABF280 /* Resources */ = {
			isa = PBXResourcesBuildPhase;
			buildActionMask = 2147483647;
			files = (
			);
			runOnlyForDeploymentPostprocessing = 0;
		};
		3F193BC32E72922C00ABF280 /* Resources */ = {
			isa = PBXResourcesBuildPhase;
			buildActionMask = 2147483647;
			files = (
			);
			runOnlyForDeploymentPostprocessing = 0;
		};
		3F193BCD2E72922C00ABF280 /* Resources */ = {
			isa = PBXResourcesBuildPhase;
			buildActionMask = 2147483647;
			files = (
			);
			runOnlyForDeploymentPostprocessing = 0;
		};
/* End PBXResourcesBuildPhase section */

/* Begin PBXSourcesBuildPhase section */
		3F193BB42E72922B00ABF280 /* Sources */ = {
			isa = PBXSourcesBuildPhase;
			buildActionMask = 2147483647;
			files = (
			);
			runOnlyForDeploymentPostprocessing = 0;
		};
		3F193BC12E72922C00ABF280 /* Sources */ = {
			isa = PBXSourcesBuildPhase;
			buildActionMask = 2147483647;
			files = (
			);
			runOnlyForDeploymentPostprocessing = 0;
		};
		3F193BCB2E72922C00ABF280 /* Sources */ = {
			isa = PBXSourcesBuildPhase;
			buildActionMask = 2147483647;
			files = (
			);
			runOnlyForDeploymentPostprocessing = 0;
		};
/* End PBXSourcesBuildPhase section */

/* Begin PBXTargetDependency section */
		3F193BC72E72922C00ABF280 /* PBXTargetDependency */ = {
			isa = PBXTargetDependency;
			target = 3F193BB72E72922B00ABF280 /* W01_Practice */;
			targetProxy = 3F193BC62E72922C00ABF280 /* PBXContainerItemProxy */;
		};
		3F193BD12E72922C00ABF280 /* PBXTargetDependency */ = {
			isa = PBXTargetDependency;
			target = 3F193BB72E72922B00ABF280 /* W01_Practice */;
			targetProxy = 3F193BD02E72922C00ABF280 /* PBXContainerItemProxy */;
		};
/* End PBXTargetDependency section */

/* Begin XCBuildConfiguration section */
		3F193BD72E72922C00ABF280 /* Debug */ = {
			isa = XCBuildConfiguration;
			buildSettings = {
				ALWAYS_SEARCH_USER_PATHS = NO;
				ASSETCATALOG_COMPILER_GENERATE_SWIFT_ASSET_SYMBOL_EXTENSIONS = YES;
				CLANG_ANALYZER_NONNULL = YES;
				CLANG_ANALYZER_NUMBER_OBJECT_CONVERSION = YES_AGGRESSIVE;
				CLANG_CXX_LANGUAGE_STANDARD = "gnu++20";
				CLANG_ENABLE_MODULES = YES;
				CLANG_ENABLE_OBJC_ARC = YES;
				CLANG_ENABLE_OBJC_WEAK = YES;
				CLANG_WARN_BLOCK_CAPTURE_AUTORELEASING = YES;
				CLANG_WARN_BOOL_CONVERSION = YES;
				CLANG_WARN_COMMA = YES;
				CLANG_WARN_CONSTANT_CONVERSION = YES;
				CLANG_WARN_DEPRECATED_OBJC_IMPLEMENTATIONS = YES;
				CLANG_WARN_DIRECT_OBJC_ISA_USAGE = YES_ERROR;
				CLANG_WARN_DOCUMENTATION_COMMENTS = YES;
				CLANG_WARN_EMPTY_BODY = YES;
				CLANG_WARN_ENUM_CONVERSION = YES;
				CLANG_WARN_INFINITE_RECURSION = YES;
				CLANG_WARN_INT_CONVERSION = YES;
				CLANG_WARN_NON_LITERAL_NULL_CONVERSION = YES;
				CLANG_WARN_OBJC_IMPLICIT_RETAIN_SELF = YES;
				CLANG_WARN_OBJC_LITERAL_CONVERSION = YES;
				CLANG_WARN_OBJC_ROOT_CLASS = YES_ERROR;
				CLANG_WARN_QUOTED_INCLUDE_IN_FRAMEWORK_HEADER = YES;
				CLANG_WARN_RANGE_LOOP_ANALYSIS = YES;
				CLANG_WARN_STRICT_PROTOTYPES = YES;
				CLANG_WARN_SUSPICIOUS_MOVE = YES;
				CLANG_WARN_UNGUARDED_AVAILABILITY = YES_AGGRESSIVE;
				CLANG_WARN_UNREACHABLE_CODE = YES;
				CLANG_WARN__DUPLICATE_METHOD_MATCH = YES;
				COPY_PHASE_STRIP = NO;
				DEBUG_INFORMATION_FORMAT = dwarf;
				ENABLE_STRICT_OBJC_MSGSEND = YES;
				ENABLE_TESTABILITY = YES;
				ENABLE_USER_SCRIPT_SANDBOXING = YES;
				GCC_C_LANGUAGE_STANDARD = gnu17;
				GCC_DYNAMIC_NO_PIC = NO;
				GCC_NO_COMMON_BLOCKS = YES;
				GCC_OPTIMIZATION_LEVEL = 0;
				GCC_PREPROCESSOR_DEFINITIONS = (
					"DEBUG=1",
					"$(inherited)",
				);
				GCC_WARN_64_TO_32_BIT_CONVERSION = YES;
				GCC_WARN_ABOUT_RETURN_TYPE = YES_ERROR;
				GCC_WARN_UNDECLARED_SELECTOR = YES;
				GCC_WARN_UNINITIALIZED_AUTOS = YES_AGGRESSIVE;
				GCC_WARN_UNUSED_FUNCTION = YES;
				GCC_WARN_UNUSED_VARIABLE = YES;
				IPHONEOS_DEPLOYMENT_TARGET = 18.5;
				LOCALIZATION_PREFERS_STRING_CATALOGS = YES;
				MTL_ENABLE_DEBUG_INFO = INCLUDE_SOURCE;
				MTL_FAST_MATH = YES;
				ONLY_ACTIVE_ARCH = YES;
				SDKROOT = iphoneos;
				SWIFT_ACTIVE_COMPILATION_CONDITIONS = "DEBUG $(inherited)";
				SWIFT_OPTIMIZATION_LEVEL = "-Onone";
			};
			name = Debug;
		};
		3F193BD82E72922C00ABF280 /* Release */ = {
			isa = XCBuildConfiguration;
			buildSettings = {
				ALWAYS_SEARCH_USER_PATHS = NO;
				ASSETCATALOG_COMPILER_GENERATE_SWIFT_ASSET_SYMBOL_EXTENSIONS = YES;
				CLANG_ANALYZER_NONNULL = YES;
				CLANG_ANALYZER_NUMBER_OBJECT_CONVERSION = YES_AGGRESSIVE;
				CLANG_CXX_LANGUAGE_STANDARD = "gnu++20";
				CLANG_ENABLE_MODULES = YES;
				CLANG_ENABLE_OBJC_ARC = YES;
				CLANG_ENABLE_OBJC_WEAK = YES;
				CLANG_WARN_BLOCK_CAPTURE_AUTORELEASING = YES;
				CLANG_WARN_BOOL_CONVERSION = YES;
				CLANG_WARN_COMMA = YES;
				CLANG_WARN_CONSTANT_CONVERSION = YES;
				CLANG_WARN_DEPRECATED_OBJC_IMPLEMENTATIONS = YES;
				CLANG_WARN_DIRECT_OBJC_ISA_USAGE = YES_ERROR;
				CLANG_WARN_DOCUMENTATION_COMMENTS = YES;
				CLANG_WARN_EMPTY_BODY = YES;
				CLANG_WARN_ENUM_CONVERSION = YES;
				CLANG_WARN_INFINITE_RECURSION = YES;
				CLANG_WARN_INT_CONVERSION = YES;
				CLANG_WARN_NON_LITERAL_NULL_CONVERSION = YES;
				CLANG_WARN_OBJC_IMPLICIT_RETAIN_SELF = YES;
				CLANG_WARN_OBJC_LITERAL_CONVERSION = YES;
				CLANG_WARN_OBJC_ROOT_CLASS = YES_ERROR;
				CLANG_WARN_QUOTED_INCLUDE_IN_FRAMEWORK_HEADER = YES;
				CLANG_WARN_RANGE_LOOP_ANALYSIS = YES;
				CLANG_WARN_STRICT_PROTOTYPES = YES;
				CLANG_WARN_SUSPICIOUS_MOVE = YES;
				CLANG_WARN_UNGUARDED_AVAILABILITY = YES_AGGRESSIVE;
				CLANG_WARN_UNREACHABLE_CODE = YES;
				CLANG_WARN__DUPLICATE_METHOD_MATCH = YES;
				COPY_PHASE_STRIP = NO;
				DEBUG_INFORMATION_FORMAT = "dwarf-with-dsym";
				ENABLE_NS_ASSERTIONS = NO;
				ENABLE_STRICT_OBJC_MSGSEND = YES;
				ENABLE_USER_SCRIPT_SANDBOXING = YES;
				GCC_C_LANGUAGE_STANDARD = gnu17;
				GCC_NO_COMMON_BLOCKS = YES;
				GCC_WARN_64_TO_32_BIT_CONVERSION = YES;
				GCC_WARN_ABOUT_RETURN_TYPE = YES_ERROR;
				GCC_WARN_UNDECLARED_SELECTOR = YES;
				GCC_WARN_UNINITIALIZED_AUTOS = YES_AGGRESSIVE;
				GCC_WARN_UNUSED_FUNCTION = YES;
				GCC_WARN_UNUSED_VARIABLE = YES;
				IPHONEOS_DEPLOYMENT_TARGET = 18.5;
				LOCALIZATION_PREFERS_STRING_CATALOGS = YES;
				MTL_ENABLE_DEBUG_INFO = NO;
				MTL_FAST_MATH = YES;
				SDKROOT = iphoneos;
				SWIFT_COMPILATION_MODE = wholemodule;
				VALIDATE_PRODUCT = YES;
			};
			name = Release;
		};
		3F193BDA2E72922C00ABF280 /* Debug */ = {
			isa = XCBuildConfiguration;
			buildSettings = {
				ASSETCATALOG_COMPILER_APPICON_NAME = AppIcon;
				ASSETCATALOG_COMPILER_GLOBAL_ACCENT_COLOR_NAME = AccentColor;
				CODE_SIGN_STYLE = Automatic;
				CURRENT_PROJECT_VERSION = 1;
				ENABLE_PREVIEWS = YES;
				GENERATE_INFOPLIST_FILE = YES;
				INFOPLIST_KEY_UIApplicationSceneManifest_Generation = YES;
				INFOPLIST_KEY_UIApplicationSupportsIndirectInputEvents = YES;
				INFOPLIST_KEY_UILaunchScreen_Generation = YES;
				INFOPLIST_KEY_UISupportedInterfaceOrientations_iPad = "UIInterfaceOrientationPortrait UIInterfaceOrientationPortraitUpsideDown UIInterfaceOrientationLandscapeLeft UIInterfaceOrientationLandscapeRight";
				INFOPLIST_KEY_UISupportedInterfaceOrientations_iPhone = "UIInterfaceOrientationPortrait UIInterfaceOrientationLandscapeLeft UIInterfaceOrientationLandscapeRight";
				LD_RUNPATH_SEARCH_PATHS = (
					"$(inherited)",
					"@executable_path/Frameworks",
				);
				MARKETING_VERSION = 1.0;
				PRODUCT_BUNDLE_IDENTIFIER = "UC.W01-Practice";
				PRODUCT_NAME = "$(TARGET_NAME)";
				SWIFT_EMIT_LOC_STRINGS = YES;
				SWIFT_VERSION = 5.0;
				TARGETED_DEVICE_FAMILY = "1,2";
			};
			name = Debug;
		};
		3F193BDB2E72922C00ABF280 /* Release */ = {
			isa = XCBuildConfiguration;
			buildSettings = {
				ASSETCATALOG_COMPILER_APPICON_NAME = AppIcon;
				ASSETCATALOG_COMPILER_GLOBAL_ACCENT_COLOR_NAME = AccentColor;
				CODE_SIGN_STYLE = Automatic;
				CURRENT_PROJECT_VERSION = 1;
				ENABLE_PREVIEWS = YES;
				GENERATE_INFOPLIST_FILE = YES;
				INFOPLIST_KEY_UIApplicationSceneManifest_Generation = YES;
				INFOPLIST_KEY_UIApplicationSupportsIndirectInputEvents = YES;
				INFOPLIST_KEY_UILaunchScreen_Generation = YES;
				INFOPLIST_KEY_UISupportedInterfaceOrientations_iPad = "UIInterfaceOrientationPortrait UIInterfaceOrientationPortraitUpsideDown UIInterfaceOrientationLandscapeLeft UIInterfaceOrientationLandscapeRight";
				INFOPLIST_KEY_UISupportedInterfaceOrientations_iPhone = "UIInterfaceOrientationPortrait UIInterfaceOrientationLandscapeLeft UIInterfaceOrientationLandscapeRight";
				LD_RUNPATH_SEARCH_PATHS = (
					"$(inherited)",
					"@executable_path/Frameworks",
				);
				MARKETING_VERSION = 1.0;
				PRODUCT_BUNDLE_IDENTIFIER = "UC.W01-Practice";
				PRODUCT_NAME = "$(TARGET_NAME)";
				SWIFT_EMIT_LOC_STRINGS = YES;
				SWIFT_VERSION = 5.0;
				TARGETED_DEVICE_FAMILY = "1,2";
			};
			name = Release;
		};
		3F193BDD2E72922C00ABF280 /* Debug */ = {
			isa = XCBuildConfiguration;
			buildSettings = {
				BUNDLE_LOADER = "$(TEST_HOST)";
				CODE_SIGN_STYLE = Automatic;
				CURRENT_PROJECT_VERSION = 1;
				GENERATE_INFOPLIST_FILE = YES;
				IPHONEOS_DEPLOYMENT_TARGET = 18.5;
				MARKETING_VERSION = 1.0;
				PRODUCT_BUNDLE_IDENTIFIER = "UC.W01-PracticeTests";
				PRODUCT_NAME = "$(TARGET_NAME)";
				SWIFT_EMIT_LOC_STRINGS = NO;
				SWIFT_VERSION = 5.0;
				TARGETED_DEVICE_FAMILY = "1,2";
				TEST_HOST = "$(BUILT_PRODUCTS_DIR)/W01_Practice.app/$(BUNDLE_EXECUTABLE_FOLDER_PATH)/W01_Practice";
			};
			name = Debug;
		};
		3F193BDE2E72922C00ABF280 /* Release */ = {
			isa = XCBuildConfiguration;
			buildSettings = {
				BUNDLE_LOADER = "$(TEST_HOST)";
				CODE_SIGN_STYLE = Automatic;
				CURRENT_PROJECT_VERSION = 1;
				GENERATE_INFOPLIST_FILE = YES;
				IPHONEOS_DEPLOYMENT_TARGET = 18.5;
				MARKETING_VERSION = 1.0;
				PRODUCT_BUNDLE_IDENTIFIER = "UC.W01-PracticeTests";
				PRODUCT_NAME = "$(TARGET_NAME)";
				SWIFT_EMIT_LOC_STRINGS = NO;
				SWIFT_VERSION = 5.0;
				TARGETED_DEVICE_FAMILY = "1,2";
				TEST_HOST = "$(BUILT_PRODUCTS_DIR)/W01_Practice.app/$(BUNDLE_EXECUTABLE_FOLDER_PATH)/W01_Practice";
			};
			name = Release;
		};
		3F193BE02E72922C00ABF280 /* Debug */ = {
			isa = XCBuildConfiguration;
			buildSettings = {
				CODE_SIGN_STYLE = Automatic;
				CURRENT_PROJECT_VERSION = 1;
				GENERATE_INFOPLIST_FILE = YES;
				MARKETING_VERSION = 1.0;
				PRODUCT_BUNDLE_IDENTIFIER = "UC.W01-PracticeUITests";
				PRODUCT_NAME = "$(TARGET_NAME)";
				SWIFT_EMIT_LOC_STRINGS = NO;
				SWIFT_VERSION = 5.0;
				TARGETED_DEVICE_FAMILY = "1,2";
				TEST_TARGET_NAME = W01_Practice;
			};
			name = Debug;
		};
		3F193BE12E72922C00ABF280 /* Release */ = {
			isa = XCBuildConfiguration;
			buildSettings = {
				CODE_SIGN_STYLE = Automatic;
				CURRENT_PROJECT_VERSION = 1;
				GENERATE_INFOPLIST_FILE = YES;
				MARKETING_VERSION = 1.0;
				PRODUCT_BUNDLE_IDENTIFIER = "UC.W01-PracticeUITests";
				PRODUCT_NAME = "$(TARGET_NAME)";
				SWIFT_EMIT_LOC_STRINGS = NO;
				SWIFT_VERSION = 5.0;
				TARGETED_DEVICE_FAMILY = "1,2";
				TEST_TARGET_NAME = W01_Practice;
			};
			name = Release;
		};
/* End XCBuildConfiguration section */

/* Begin XCConfigurationList section */
		3F193BB32E72922B00ABF280 /* Build configuration list for PBXProject "W01_Practice" */ = {
			isa = XCConfigurationList;
			buildConfigurations = (
				3F193BD72E72922C00ABF280 /* Debug */,
				3F193BD82E72922C00ABF280 /* Release */,
			);
			defaultConfigurationIsVisible = 0;
			defaultConfigurationName = Release;
		};
		3F193BD92E72922C00ABF280 /* Build configuration list for PBXNativeTarget "W01_Practice" */ = {
			isa = XCConfigurationList;
			buildConfigurations = (
				3F193BDA2E72922C00ABF280 /* Debug */,
				3F193BDB2E72922C00ABF280 /* Release */,
			);
			defaultConfigurationIsVisible = 0;
			defaultConfigurationName = Release;
		};
		3F193BDC2E72922C00ABF280 /* Build configuration list for PBXNativeTarget "W01_PracticeTests" */ = {
			isa = XCConfigurationList;
			buildConfigurations = (
				3F193BDD2E72922C00ABF280 /* Debug */,
				3F193BDE2E72922C00ABF280 /* Release */,
			);
			defaultConfigurationIsVisible = 0;
			defaultConfigurationName = Release;
		};
		3F193BDF2E72922C00ABF280 /* Build configuration list for PBXNativeTarget "W01_PracticeUITests" */ = {
			isa = XCConfigurationList;
			buildConfigurations = (
				3F193BE02E72922C00ABF280 /* Debug */,
				3F193BE12E72922C00ABF280 /* Release */,
			);
			defaultConfigurationIsVisible = 0;
			defaultConfigurationName = Release;
		};
/* End XCConfigurationList section */
	};
	rootObject = 3F193BB02E72922B00ABF280 /* Project object */;
}
