// !$*UTF8*$!
{
	archiveVersion = 1;
	classes = {
	};
	objectVersion = 77;
	objects = {

/* Begin PBXContainerItemProxy section */
		3FF1499C2EBC61A500D20BD9 /* PBXContainerItemProxy */ = {
			isa = PBXContainerItemProxy;
			containerPortal = 3FF149862EBC61A400D20BD9 /* Project object */;
			proxyType = 1;
			remoteGlobalIDString = 3FF1498D2EBC61A400D20BD9;
			remoteInfo = W09_Practice;
		};
		3FF149A62EBC61A500D20BD9 /* PBXContainerItemProxy */ = {
			isa = PBXContainerItemProxy;
			containerPortal = 3FF149862EBC61A400D20BD9 /* Project object */;
			proxyType = 1;
			remoteGlobalIDString = 3FF1498D2EBC61A400D20BD9;
			remoteInfo = W09_Practice;
		};
/* End PBXContainerItemProxy section */

/* Begin PBXFileReference section */
		3FF1498E2EBC61A400D20BD9 /* W09_Practice.app */ = {isa = PBXFileReference; explicitFileType = wrapper.application; includeInIndex = 0; path = W09_Practice.app; sourceTree = BUILT_PRODUCTS_DIR; };
		3FF1499B2EBC61A500D20BD9 /* W09_PracticeTests.xctest */ = {isa = PBXFileReference; explicitFileType = wrapper.cfbundle; includeInIndex = 0; path = W09_PracticeTests.xctest; sourceTree = BUILT_PRODUCTS_DIR; };
		3FF149A52EBC61A500D20BD9 /* W09_PracticeUITests.xctest */ = {isa = PBXFileReference; explicitFileType = wrapper.cfbundle; includeInIndex = 0; path = W09_PracticeUITests.xctest; sourceTree = BUILT_PRODUCTS_DIR; };
/* End PBXFileReference section */

/* Begin PBXFileSystemSynchronizedRootGroup section */
		3FF149902EBC61A400D20BD9 /* W09_Practice */ = {
			isa = PBXFileSystemSynchronizedRootGroup;
			path = W09_Practice;
			sourceTree = "<group>";
		};
		3FF1499E2EBC61A500D20BD9 /* W09_PracticeTests */ = {
			isa = PBXFileSystemSynchronizedRootGroup;
			path = W09_PracticeTests;
			sourceTree = "<group>";
		};
		3FF149A82EBC61A500D20BD9 /* W09_PracticeUITests */ = {
			isa = PBXFileSystemSynchronizedRootGroup;
			path = W09_PracticeUITests;
			sourceTree = "<group>";
		};
/* End PBXFileSystemSynchronizedRootGroup section */

/* Begin PBXFrameworksBuildPhase section */
		3FF1498B2EBC61A400D20BD9 /* Frameworks */ = {
			isa = PBXFrameworksBuildPhase;
			buildActionMask = 2147483647;
			files = (
			);
			runOnlyForDeploymentPostprocessing = 0;
		};
		3FF149982EBC61A500D20BD9 /* Frameworks */ = {
			isa = PBXFrameworksBuildPhase;
			buildActionMask = 2147483647;
			files = (
			);
			runOnlyForDeploymentPostprocessing = 0;
		};
		3FF149A22EBC61A500D20BD9 /* Frameworks */ = {
			isa = PBXFrameworksBuildPhase;
			buildActionMask = 2147483647;
			files = (
			);
			runOnlyForDeploymentPostprocessing = 0;
		};
/* End PBXFrameworksBuildPhase section */

/* Begin PBXGroup section */
		3FF149852EBC61A400D20BD9 = {
			isa = PBXGroup;
			children = (
				3FF149902EBC61A400D20BD9 /* W09_Practice */,
				3FF1499E2EBC61A500D20BD9 /* W09_PracticeTests */,
				3FF149A82EBC61A500D20BD9 /* W09_PracticeUITests */,
				3FF1498F2EBC61A400D20BD9 /* Products */,
			);
			sourceTree = "<group>";
		};
		3FF1498F2EBC61A400D20BD9 /* Products */ = {
			isa = PBXGroup;
			children = (
				3FF1498E2EBC61A400D20BD9 /* W09_Practice.app */,
				3FF1499B2EBC61A500D20BD9 /* W09_PracticeTests.xctest */,
				3FF149A52EBC61A500D20BD9 /* W09_PracticeUITests.xctest */,
			);
			name = Products;
			sourceTree = "<group>";
		};
/* End PBXGroup section */

/* Begin PBXNativeTarget section */
		3FF1498D2EBC61A400D20BD9 /* W09_Practice */ = {
			isa = PBXNativeTarget;
			buildConfigurationList = 3FF149AF2EBC61A500D20BD9 /* Build configuration list for PBXNativeTarget "W09_Practice" */;
			buildPhases = (
				3FF1498A2EBC61A400D20BD9 /* Sources */,
				3FF1498B2EBC61A400D20BD9 /* Frameworks */,
				3FF1498C2EBC61A400D20BD9 /* Resources */,
			);
			buildRules = (
			);
			dependencies = (
			);
			fileSystemSynchronizedGroups = (
				3FF149902EBC61A400D20BD9 /* W09_Practice */,
			);
			name = W09_Practice;
			packageProductDependencies = (
			);
			productName = W09_Practice;
			productReference = 3FF1498E2EBC61A400D20BD9 /* W09_Practice.app */;
			productType = "com.apple.product-type.application";
		};
		3FF1499A2EBC61A500D20BD9 /* W09_PracticeTests */ = {
			isa = PBXNativeTarget;
			buildConfigurationList = 3FF149B22EBC61A500D20BD9 /* Build configuration list for PBXNativeTarget "W09_PracticeTests" */;
			buildPhases = (
				3FF149972EBC61A500D20BD9 /* Sources */,
				3FF149982EBC61A500D20BD9 /* Frameworks */,
				3FF149992EBC61A500D20BD9 /* Resources */,
			);
			buildRules = (
			);
			dependencies = (
				3FF1499D2EBC61A500D20BD9 /* PBXTargetDependency */,
			);
			fileSystemSynchronizedGroups = (
				3FF1499E2EBC61A500D20BD9 /* W09_PracticeTests */,
			);
			name = W09_PracticeTests;
			packageProductDependencies = (
			);
			productName = W09_PracticeTests;
			productReference = 3FF1499B2EBC61A500D20BD9 /* W09_PracticeTests.xctest */;
			productType = "com.apple.product-type.bundle.unit-test";
		};
		3FF149A42EBC61A500D20BD9 /* W09_PracticeUITests */ = {
			isa = PBXNativeTarget;
			buildConfigurationList = 3FF149B52EBC61A500D20BD9 /* Build configuration list for PBXNativeTarget "W09_PracticeUITests" */;
			buildPhases = (
				3FF149A12EBC61A500D20BD9 /* Sources */,
				3FF149A22EBC61A500D20BD9 /* Frameworks */,
				3FF149A32EBC61A500D20BD9 /* Resources */,
			);
			buildRules = (
			);
			dependencies = (
				3FF149A72EBC61A500D20BD9 /* PBXTargetDependency */,
			);
			fileSystemSynchronizedGroups = (
				3FF149A82EBC61A500D20BD9 /* W09_PracticeUITests */,
			);
			name = W09_PracticeUITests;
			packageProductDependencies = (
			);
			productName = W09_PracticeUITests;
			productReference = 3FF149A52EBC61A500D20BD9 /* W09_PracticeUITests.xctest */;
			productType = "com.apple.product-type.bundle.ui-testing";
		};
/* End PBXNativeTarget section */

/* Begin PBXProject section */
		3FF149862EBC61A400D20BD9 /* Project object */ = {
			isa = PBXProject;
			attributes = {
				BuildIndependentTargetsInParallel = 1;
				LastSwiftUpdateCheck = 1640;
				LastUpgradeCheck = 1640;
				TargetAttributes = {
					3FF1498D2EBC61A400D20BD9 = {
						CreatedOnToolsVersion = 16.4;
					};
					3FF1499A2EBC61A500D20BD9 = {
						CreatedOnToolsVersion = 16.4;
						TestTargetID = 3FF1498D2EBC61A400D20BD9;
					};
					3FF149A42EBC61A500D20BD9 = {
						CreatedOnToolsVersion = 16.4;
						TestTargetID = 3FF1498D2EBC61A400D20BD9;
					};
				};
			};
			buildConfigurationList = 3FF149892EBC61A400D20BD9 /* Build configuration list for PBXProject "W09_Practice" */;
			developmentRegion = en;
			hasScannedForEncodings = 0;
			knownRegions = (
				en,
				Base,
			);
			mainGroup = 3FF149852EBC61A400D20BD9;
			minimizedProjectReferenceProxies = 1;
			preferredProjectObjectVersion = 77;
			productRefGroup = 3FF1498F2EBC61A400D20BD9 /* Products */;
			projectDirPath = "";
			projectRoot = "";
			targets = (
				3FF1498D2EBC61A400D20BD9 /* W09_Practice */,
				3FF1499A2EBC61A500D20BD9 /* W09_PracticeTests */,
				3FF149A42EBC61A500D20BD9 /* W09_PracticeUITests */,
			);
		};
/* End PBXProject section */

/* Begin PBXResourcesBuildPhase section */
		3FF1498C2EBC61A400D20BD9 /* Resources */ = {
			isa = PBXResourcesBuildPhase;
			buildActionMask = 2147483647;
			files = (
			);
			runOnlyForDeploymentPostprocessing = 0;
		};
		3FF149992EBC61A500D20BD9 /* Resources */ = {
			isa = PBXResourcesBuildPhase;
			buildActionMask = 2147483647;
			files = (
			);
			runOnlyForDeploymentPostprocessing = 0;
		};
		3FF149A32EBC61A500D20BD9 /* Resources */ = {
			isa = PBXResourcesBuildPhase;
			buildActionMask = 2147483647;
			files = (
			);
			runOnlyForDeploymentPostprocessing = 0;
		};
/* End PBXResourcesBuildPhase section */

/* Begin PBXSourcesBuildPhase section */
		3FF1498A2EBC61A400D20BD9 /* Sources */ = {
			isa = PBXSourcesBuildPhase;
			buildActionMask = 2147483647;
			files = (
			);
			runOnlyForDeploymentPostprocessing = 0;
		};
		3FF149972EBC61A500D20BD9 /* Sources */ = {
			isa = PBXSourcesBuildPhase;
			buildActionMask = 2147483647;
			files = (
			);
			runOnlyForDeploymentPostprocessing = 0;
		};
		3FF149A12EBC61A500D20BD9 /* Sources */ = {
			isa = PBXSourcesBuildPhase;
			buildActionMask = 2147483647;
			files = (
			);
			runOnlyForDeploymentPostprocessing = 0;
		};
/* End PBXSourcesBuildPhase section */

/* Begin PBXTargetDependency section */
		3FF1499D2EBC61A500D20BD9 /* PBXTargetDependency */ = {
			isa = PBXTargetDependency;
			target = 3FF1498D2EBC61A400D20BD9 /* W09_Practice */;
			targetProxy = 3FF1499C2EBC61A500D20BD9 /* PBXContainerItemProxy */;
		};
		3FF149A72EBC61A500D20BD9 /* PBXTargetDependency */ = {
			isa = PBXTargetDependency;
			target = 3FF1498D2EBC61A400D20BD9 /* W09_Practice */;
			targetProxy = 3FF149A62EBC61A500D20BD9 /* PBXContainerItemProxy */;
		};
/* End PBXTargetDependency section */

/* Begin XCBuildConfiguration section */
		3FF149AD2EBC61A500D20BD9 /* Debug */ = {
			isa = XCBuildConfiguration;
			buildSettings = {
				ALWAYS_SEARCH_USER_PATHS = NO;
				ASSETCATALOG_COMPILER_GENERATE_SWIFT_ASSET_SYMBOL_EXTENSIONS = YES;
				CLANG_ANALYZER_NONNULL = YES;
				CLANG_ANALYZER_NUMBER_OBJECT_CONVERSION = YES_AGGRESSIVE;
				CLANG_CXX_LANGUAGE_STANDARD = "gnu++20";
				CLANG_ENABLE_MODULES = YES;
				CLANG_ENABLE_OBJC_ARC = YES;
				CLANG_ENABLE_OBJC_WEAK = YES;
				CLANG_WARN_BLOCK_CAPTURE_AUTORELEASING = YES;
				CLANG_WARN_BOOL_CONVERSION = YES;
				CLANG_WARN_COMMA = YES;
				CLANG_WARN_CONSTANT_CONVERSION = YES;
				CLANG_WARN_DEPRECATED_OBJC_IMPLEMENTATIONS = YES;
				CLANG_WARN_DIRECT_OBJC_ISA_USAGE = YES_ERROR;
				CLANG_WARN_DOCUMENTATION_COMMENTS = YES;
				CLANG_WARN_EMPTY_BODY = YES;
				CLANG_WARN_ENUM_CONVERSION = YES;
				CLANG_WARN_INFINITE_RECURSION = YES;
				CLANG_WARN_INT_CONVERSION = YES;
				CLANG_WARN_NON_LITERAL_NULL_CONVERSION = YES;
				CLANG_WARN_OBJC_IMPLICIT_RETAIN_SELF = YES;
				CLANG_WARN_OBJC_LITERAL_CONVERSION = YES;
				CLANG_WARN_OBJC_ROOT_CLASS = YES_ERROR;
				CLANG_WARN_QUOTED_INCLUDE_IN_FRAMEWORK_HEADER = YES;
				CLANG_WARN_RANGE_LOOP_ANALYSIS = YES;
				CLANG_WARN_STRICT_PROTOTYPES = YES;
				CLANG_WARN_SUSPICIOUS_MOVE = YES;
				CLANG_WARN_UNGUARDED_AVAILABILITY = YES_AGGRESSIVE;
				CLANG_WARN_UNREACHABLE_CODE = YES;
				CLANG_WARN__DUPLICATE_METHOD_MATCH = YES;
				COPY_PHASE_STRIP = NO;
				DEBUG_INFORMATION_FORMAT = dwarf;
				ENABLE_STRICT_OBJC_MSGSEND = YES;
				ENABLE_TESTABILITY = YES;
				ENABLE_USER_SCRIPT_SANDBOXING = YES;
				GCC_C_LANGUAGE_STANDARD = gnu17;
				GCC_DYNAMIC_NO_PIC = NO;
				GCC_NO_COMMON_BLOCKS = YES;
				GCC_OPTIMIZATION_LEVEL = 0;
				GCC_PREPROCESSOR_DEFINITIONS = (
					"DEBUG=1",
					"$(inherited)",
				);
				GCC_WARN_64_TO_32_BIT_CONVERSION = YES;
				GCC_WARN_ABOUT_RETURN_TYPE = YES_ERROR;
				GCC_WARN_UNDECLARED_SELECTOR = YES;
				GCC_WARN_UNINITIALIZED_AUTOS = YES_AGGRESSIVE;
				GCC_WARN_UNUSED_FUNCTION = YES;
				GCC_WARN_UNUSED_VARIABLE = YES;
				IPHONEOS_DEPLOYMENT_TARGET = 18.5;
				LOCALIZATION_PREFERS_STRING_CATALOGS = YES;
				MTL_ENABLE_DEBUG_INFO = INCLUDE_SOURCE;
				MTL_FAST_MATH = YES;
				ONLY_ACTIVE_ARCH = YES;
				SDKROOT = iphoneos;
				SWIFT_ACTIVE_COMPILATION_CONDITIONS = "DEBUG $(inherited)";
				SWIFT_OPTIMIZATION_LEVEL = "-Onone";
			};
			name = Debug;
		};
		3FF149AE2EBC61A500D20BD9 /* Release */ = {
			isa = XCBuildConfiguration;
			buildSettings = {
				ALWAYS_SEARCH_USER_PATHS = NO;
				ASSETCATALOG_COMPILER_GENERATE_SWIFT_ASSET_SYMBOL_EXTENSIONS = YES;
				CLANG_ANALYZER_NONNULL = YES;
				CLANG_ANALYZER_NUMBER_OBJECT_CONVERSION = YES_AGGRESSIVE;
				CLANG_CXX_LANGUAGE_STANDARD = "gnu++20";
				CLANG_ENABLE_MODULES = YES;
				CLANG_ENABLE_OBJC_ARC = YES;
				CLANG_ENABLE_OBJC_WEAK = YES;
				CLANG_WARN_BLOCK_CAPTURE_AUTORELEASING = YES;
				CLANG_WARN_BOOL_CONVERSION = YES;
				CLANG_WARN_COMMA = YES;
				CLANG_WARN_CONSTANT_CONVERSION = YES;
				CLANG_WARN_DEPRECATED_OBJC_IMPLEMENTATIONS = YES;
				CLANG_WARN_DIRECT_OBJC_ISA_USAGE = YES_ERROR;
				CLANG_WARN_DOCUMENTATION_COMMENTS = YES;
				CLANG_WARN_EMPTY_BODY = YES;
				CLANG_WARN_ENUM_CONVERSION = YES;
				CLANG_WARN_INFINITE_RECURSION = YES;
				CLANG_WARN_INT_CONVERSION = YES;
				CLANG_WARN_NON_LITERAL_NULL_CONVERSION = YES;
				CLANG_WARN_OBJC_IMPLICIT_RETAIN_SELF = YES;
				CLANG_WARN_OBJC_LITERAL_CONVERSION = YES;
				CLANG_WARN_OBJC_ROOT_CLASS = YES_ERROR;
				CLANG_WARN_QUOTED_INCLUDE_IN_FRAMEWORK_HEADER = YES;
				CLANG_WARN_RANGE_LOOP_ANALYSIS = YES;
				CLANG_WARN_STRICT_PROTOTYPES = YES;
				CLANG_WARN_SUSPICIOUS_MOVE = YES;
				CLANG_WARN_UNGUARDED_AVAILABILITY = YES_AGGRESSIVE;
				CLANG_WARN_UNREACHABLE_CODE = YES;
				CLANG_WARN__DUPLICATE_METHOD_MATCH = YES;
				COPY_PHASE_STRIP = NO;
				DEBUG_INFORMATION_FORMAT = "dwarf-with-dsym";
				ENABLE_NS_ASSERTIONS = NO;
				ENABLE_STRICT_OBJC_MSGSEND = YES;
				ENABLE_USER_SCRIPT_SANDBOXING = YES;
				GCC_C_LANGUAGE_STANDARD = gnu17;
				GCC_NO_COMMON_BLOCKS = YES;
				GCC_WARN_64_TO_32_BIT_CONVERSION = YES;
				GCC_WARN_ABOUT_RETURN_TYPE = YES_ERROR;
				GCC_WARN_UNDECLARED_SELECTOR = YES;
				GCC_WARN_UNINITIALIZED_AUTOS = YES_AGGRESSIVE;
				GCC_WARN_UNUSED_FUNCTION = YES;
				GCC_WARN_UNUSED_VARIABLE = YES;
				IPHONEOS_DEPLOYMENT_TARGET = 18.5;
				LOCALIZATION_PREFERS_STRING_CATALOGS = YES;
				MTL_ENABLE_DEBUG_INFO = NO;
				MTL_FAST_MATH = YES;
				SDKROOT = iphoneos;
				SWIFT_COMPILATION_MODE = wholemodule;
				VALIDATE_PRODUCT = YES;
			};
			name = Release;
		};
		3FF149B02EBC61A500D20BD9 /* Debug */ = {
			isa = XCBuildConfiguration;
			buildSettings = {
				ASSETCATALOG_COMPILER_APPICON_NAME = AppIcon;
				ASSETCATALOG_COMPILER_GLOBAL_ACCENT_COLOR_NAME = AccentColor;
				CODE_SIGN_STYLE = Automatic;
				CURRENT_PROJECT_VERSION = 1;
				ENABLE_PREVIEWS = YES;
				GENERATE_INFOPLIST_FILE = YES;
				INFOPLIST_KEY_UIApplicationSceneManifest_Generation = YES;
				INFOPLIST_KEY_UIApplicationSupportsIndirectInputEvents = YES;
				INFOPLIST_KEY_UILaunchScreen_Generation = YES;
				INFOPLIST_KEY_UISupportedInterfaceOrientations_iPad = "UIInterfaceOrientationPortrait UIInterfaceOrientationPortraitUpsideDown UIInterfaceOrientationLandscapeLeft UIInterfaceOrientationLandscapeRight";
				INFOPLIST_KEY_UISupportedInterfaceOrientations_iPhone = "UIInterfaceOrientationPortrait UIInterfaceOrientationLandscapeLeft UIInterfaceOrientationLandscapeRight";
				LD_RUNPATH_SEARCH_PATHS = (
					"$(inherited)",
					"@executable_path/Frameworks",
				);
				MARKETING_VERSION = 1.0;
				PRODUCT_BUNDLE_IDENTIFIER = "UC.W09-Practice";
				PRODUCT_NAME = "$(TARGET_NAME)";
				SWIFT_EMIT_LOC_STRINGS = YES;
				SWIFT_VERSION = 5.0;
				TARGETED_DEVICE_FAMILY = "1,2";
			};
			name = Debug;
		};
		3FF149B12EBC61A500D20BD9 /* Release */ = {
			isa = XCBuildConfiguration;
			buildSettings = {
				ASSETCATALOG_COMPILER_APPICON_NAME = AppIcon;
				ASSETCATALOG_COMPILER_GLOBAL_ACCENT_COLOR_NAME = AccentColor;
				CODE_SIGN_STYLE = Automatic;
				CURRENT_PROJECT_VERSION = 1;
				ENABLE_PREVIEWS = YES;
				GENERATE_INFOPLIST_FILE = YES;
				INFOPLIST_KEY_UIApplicationSceneManifest_Generation = YES;
				INFOPLIST_KEY_UIApplicationSupportsIndirectInputEvents = YES;
				INFOPLIST_KEY_UILaunchScreen_Generation = YES;
				INFOPLIST_KEY_UISupportedInterfaceOrientations_iPad = "UIInterfaceOrientationPortrait UIInterfaceOrientationPortraitUpsideDown UIInterfaceOrientationLandscapeLeft UIInterfaceOrientationLandscapeRight";
				INFOPLIST_KEY_UISupportedInterfaceOrientations_iPhone = "UIInterfaceOrientationPortrait UIInterfaceOrientationLandscapeLeft UIInterfaceOrientationLandscapeRight";
				LD_RUNPATH_SEARCH_PATHS = (
					"$(inherited)",
					"@executable_path/Frameworks",
				);
				MARKETING_VERSION = 1.0;
				PRODUCT_BUNDLE_IDENTIFIER = "UC.W09-Practice";
				PRODUCT_NAME = "$(TARGET_NAME)";
				SWIFT_EMIT_LOC_STRINGS = YES;
				SWIFT_VERSION = 5.0;
				TARGETED_DEVICE_FAMILY = "1,2";
			};
			name = Release;
		};
		3FF149B32EBC61A500D20BD9 /* Debug */ = {
			isa = XCBuildConfiguration;
			buildSettings = {
				BUNDLE_LOADER = "$(TEST_HOST)";
				CODE_SIGN_STYLE = Automatic;
				CURRENT_PROJECT_VERSION = 1;
				GENERATE_INFOPLIST_FILE = YES;
				IPHONEOS_DEPLOYMENT_TARGET = 18.5;
				MARKETING_VERSION = 1.0;
				PRODUCT_BUNDLE_IDENTIFIER = "UC.W09-PracticeTests";
				PRODUCT_NAME = "$(TARGET_NAME)";
				SWIFT_EMIT_LOC_STRINGS = NO;
				SWIFT_VERSION = 5.0;
				TARGETED_DEVICE_FAMILY = "1,2";
				TEST_HOST = "$(BUILT_PRODUCTS_DIR)/W09_Practice.app/$(BUNDLE_EXECUTABLE_FOLDER_PATH)/W09_Practice";
			};
			name = Debug;
		};
		3FF149B42EBC61A500D20BD9 /* Release */ = {
			isa = XCBuildConfiguration;
			buildSettings = {
				BUNDLE_LOADER = "$(TEST_HOST)";
				CODE_SIGN_STYLE = Automatic;
				CURRENT_PROJECT_VERSION = 1;
				GENERATE_INFOPLIST_FILE = YES;
				IPHONEOS_DEPLOYMENT_TARGET = 18.5;
				MARKETING_VERSION = 1.0;
				PRODUCT_BUNDLE_IDENTIFIER = "UC.W09-PracticeTests";
				PRODUCT_NAME = "$(TARGET_NAME)";
				SWIFT_EMIT_LOC_STRINGS = NO;
				SWIFT_VERSION = 5.0;
				TARGETED_DEVICE_FAMILY = "1,2";
				TEST_HOST = "$(BUILT_PRODUCTS_DIR)/W09_Practice.app/$(BUNDLE_EXECUTABLE_FOLDER_PATH)/W09_Practice";
			};
			name = Release;
		};
		3FF149B62EBC61A500D20BD9 /* Debug */ = {
			isa = XCBuildConfiguration;
			buildSettings = {
				CODE_SIGN_STYLE = Automatic;
				CURRENT_PROJECT_VERSION = 1;
				GENERATE_INFOPLIST_FILE = YES;
				MARKETING_VERSION = 1.0;
				PRODUCT_BUNDLE_IDENTIFIER = "UC.W09-PracticeUITests";
				PRODUCT_NAME = "$(TARGET_NAME)";
				SWIFT_EMIT_LOC_STRINGS = NO;
				SWIFT_VERSION = 5.0;
				TARGETED_DEVICE_FAMILY = "1,2";
				TEST_TARGET_NAME = W09_Practice;
			};
			name = Debug;
		};
		3FF149B72EBC61A500D20BD9 /* Release */ = {
			isa = XCBuildConfiguration;
			buildSettings = {
				CODE_SIGN_STYLE = Automatic;
				CURRENT_PROJECT_VERSION = 1;
				GENERATE_INFOPLIST_FILE = YES;
				MARKETING_VERSION = 1.0;
				PRODUCT_BUNDLE_IDENTIFIER = "UC.W09-PracticeUITests";
				PRODUCT_NAME = "$(TARGET_NAME)";
				SWIFT_EMIT_LOC_STRINGS = NO;
				SWIFT_VERSION = 5.0;
				TARGETED_DEVICE_FAMILY = "1,2";
				TEST_TARGET_NAME = W09_Practice;
			};
			name = Release;
		};
/* End XCBuildConfiguration section */

/* Begin XCConfigurationList section */
		3FF149892EBC61A400D20BD9 /* Build configuration list for PBXProject "W09_Practice" */ = {
			isa = XCConfigurationList;
			buildConfigurations = (
				3FF149AD2EBC61A500D20BD9 /* Debug */,
				3FF149AE2EBC61A500D20BD9 /* Release */,
			);
			defaultConfigurationIsVisible = 0;
			defaultConfigurationName = Release;
		};
		3FF149AF2EBC61A500D20BD9 /* Build configuration list for PBXNativeTarget "W09_Practice" */ = {
			isa = XCConfigurationList;
			buildConfigurations = (
				3FF149B02EBC61A500D20BD9 /* Debug */,
				3FF149B12EBC61A500D20BD9 /* Release */,
			);
			defaultConfigurationIsVisible = 0;
			defaultConfigurationName = Release;
		};
		3FF149B22EBC61A500D20BD9 /* Build configuration list for PBXNativeTarget "W09_PracticeTests" */ = {
			isa = XCConfigurationList;
			buildConfigurations = (
				3FF149B32EBC61A500D20BD9 /* Debug */,
				3FF149B42EBC61A500D20BD9 /* Release */,
			);
			defaultConfigurationIsVisible = 0;
			defaultConfigurationName = Release;
		};
		3FF149B52EBC61A500D20BD9 /* Build configuration list for PBXNativeTarget "W09_PracticeUITests" */ = {
			isa = XCConfigurationList;
			buildConfigurations = (
				3FF149B62EBC61A500D20BD9 /* Debug */,
				3FF149B72EBC61A500D20BD9 /* Release */,
			);
			defaultConfigurationIsVisible = 0;
			defaultConfigurationName = Release;
		};
/* End XCConfigurationList section */
	};
	rootObject = 3FF149862EBC61A400D20BD9 /* Project object */;
}
